// !$*UTF8*$!
{
	archiveVersion = 1;
	classes = {
	};
	objectVersion = 56;
	objects = {

/* Begin PBXBuildFile section */
		CE1C85022AF642120023D153 /* Name.swift in Sources */ = {isa = PBXBuildFile; fileRef = CE1C85012AF642110023D153 /* Name.swift */; };
		CE7C35362ADE7B50006AC86A /* SettingViewModel.swift in Sources */ = {isa = PBXBuildFile; fileRef = CE7C35352ADE7B50006AC86A /* SettingViewModel.swift */; };
		CEC566CA2AD2CB2100DED883 /* MyKeeperSOSApp.swift in Sources */ = {isa = PBXBuildFile; fileRef = CEC566C92AD2CB2100DED883 /* MyKeeperSOSApp.swift */; };
		CEC566CC2AD2CB2100DED883 /* ContentView.swift in Sources */ = {isa = PBXBuildFile; fileRef = CEC566CB2AD2CB2100DED883 /* ContentView.swift */; };
		CEC566CE2AD2CB2300DED883 /* Assets.xcassets in Resources */ = {isa = PBXBuildFile; fileRef = CEC566CD2AD2CB2300DED883 /* Assets.xcassets */; };
		CEC566D12AD2CB2300DED883 /* Preview Assets.xcassets in Resources */ = {isa = PBXBuildFile; fileRef = CEC566D02AD2CB2300DED883 /* Preview Assets.xcassets */; };
		CEC566D82AD2CFE300DED883 /* Config.swift in Sources */ = {isa = PBXBuildFile; fileRef = CEC566D72AD2CFE300DED883 /* Config.swift */; };
		CEC566DD2AD2D05B00DED883 /* HomeView.swift in Sources */ = {isa = PBXBuildFile; fileRef = CEC566DC2AD2D05B00DED883 /* HomeView.swift */; };
		CEC566E02AD2DAC500DED883 /* SailecFontModifier.swift in Sources */ = {isa = PBXBuildFile; fileRef = CEC566DF2AD2DAC500DED883 /* SailecFontModifier.swift */; };
		CEC566E82AD2DE8300DED883 /* Sailec.ttf in Resources */ = {isa = PBXBuildFile; fileRef = CEC566E52AD2DE8300DED883 /* Sailec.ttf */; };
		CEC566E92AD2DE8300DED883 /* Sailec-Bold.ttf in Resources */ = {isa = PBXBuildFile; fileRef = CEC566E62AD2DE8300DED883 /* Sailec-Bold.ttf */; };
		CEC566EA2AD2DE8300DED883 /* Sailec-Medium.ttf in Resources */ = {isa = PBXBuildFile; fileRef = CEC566E72AD2DE8300DED883 /* Sailec-Medium.ttf */; };
		CEC566EC2AD2DF4800DED883 /* SettingView.swift in Sources */ = {isa = PBXBuildFile; fileRef = CEC566EB2AD2DF4800DED883 /* SettingView.swift */; };
		CEC566F72AD3074300DED883 /* AppDelegate.swift in Sources */ = {isa = PBXBuildFile; fileRef = CEC566F62AD3074200DED883 /* AppDelegate.swift */; };
/* End PBXBuildFile section */

/* Begin PBXFileReference section */
		CE1C85012AF642110023D153 /* Name.swift */ = {isa = PBXFileReference; lastKnownFileType = sourcecode.swift; path = Name.swift; sourceTree = "<group>"; };
		CE7C35352ADE7B50006AC86A /* SettingViewModel.swift */ = {isa = PBXFileReference; lastKnownFileType = sourcecode.swift; path = SettingViewModel.swift; sourceTree = "<group>"; };
		CEC566C62AD2CB2100DED883 /* MyKeeperSOS.app */ = {isa = PBXFileReference; explicitFileType = wrapper.application; includeInIndex = 0; path = MyKeeperSOS.app; sourceTree = BUILT_PRODUCTS_DIR; };
		CEC566C92AD2CB2100DED883 /* MyKeeperSOSApp.swift */ = {isa = PBXFileReference; lastKnownFileType = sourcecode.swift; path = MyKeeperSOSApp.swift; sourceTree = "<group>"; };
		CEC566CB2AD2CB2100DED883 /* ContentView.swift */ = {isa = PBXFileReference; lastKnownFileType = sourcecode.swift; path = ContentView.swift; sourceTree = "<group>"; };
		CEC566CD2AD2CB2300DED883 /* Assets.xcassets */ = {isa = PBXFileReference; lastKnownFileType = folder.assetcatalog; path = Assets.xcassets; sourceTree = "<group>"; };
		CEC566D02AD2CB2300DED883 /* Preview Assets.xcassets */ = {isa = PBXFileReference; lastKnownFileType = folder.assetcatalog; path = "Preview Assets.xcassets"; sourceTree = "<group>"; };
		CEC566D72AD2CFE300DED883 /* Config.swift */ = {isa = PBXFileReference; lastKnownFileType = sourcecode.swift; path = Config.swift; sourceTree = "<group>"; };
		CEC566DC2AD2D05B00DED883 /* HomeView.swift */ = {isa = PBXFileReference; lastKnownFileType = sourcecode.swift; path = HomeView.swift; sourceTree = "<group>"; };
		CEC566DF2AD2DAC500DED883 /* SailecFontModifier.swift */ = {isa = PBXFileReference; lastKnownFileType = sourcecode.swift; path = SailecFontModifier.swift; sourceTree = "<group>"; };
		CEC566E52AD2DE8300DED883 /* Sailec.ttf */ = {isa = PBXFileReference; lastKnownFileType = file; path = Sailec.ttf; sourceTree = "<group>"; };
		CEC566E62AD2DE8300DED883 /* Sailec-Bold.ttf */ = {isa = PBXFileReference; lastKnownFileType = file; path = "Sailec-Bold.ttf"; sourceTree = "<group>"; };
		CEC566E72AD2DE8300DED883 /* Sailec-Medium.ttf */ = {isa = PBXFileReference; lastKnownFileType = file; path = "Sailec-Medium.ttf"; sourceTree = "<group>"; };
		CEC566EB2AD2DF4800DED883 /* SettingView.swift */ = {isa = PBXFileReference; lastKnownFileType = sourcecode.swift; path = SettingView.swift; sourceTree = "<group>"; };
		CEC566F62AD3074200DED883 /* AppDelegate.swift */ = {isa = PBXFileReference; lastKnownFileType = sourcecode.swift; path = AppDelegate.swift; sourceTree = "<group>"; };
		CEFA26082B1F0744006C083E /* MyKeeperSOS.entitlements */ = {isa = PBXFileReference; lastKnownFileType = text.plist.entitlements; path = MyKeeperSOS.entitlements; sourceTree = "<group>"; };
/* End PBXFileReference section */

/* Begin PBXFrameworksBuildPhase section */
		CEC566C32AD2CB2100DED883 /* Frameworks */ = {
			isa = PBXFrameworksBuildPhase;
			buildActionMask = 2147483647;
			files = (
			);
			runOnlyForDeploymentPostprocessing = 0;
		};
/* End PBXFrameworksBuildPhase section */

/* Begin PBXGroup section */
		CE1C85002AF641E90023D153 /* Extension */ = {
			isa = PBXGroup;
			children = (
				CE1C85012AF642110023D153 /* Name.swift */,
			);
			path = Extension;
			sourceTree = "<group>";
		};
		CE7C35322ADE7945006AC86A /* Models */ = {
			isa = PBXGroup;
			children = (
				CE7C35352ADE7B50006AC86A /* SettingViewModel.swift */,
			);
			path = Models;
			sourceTree = "<group>";
		};
		CEC566BD2AD2CB2100DED883 = {
			isa = PBXGroup;
			children = (
				CEC566C82AD2CB2100DED883 /* MyKeeperSOS */,
				CEC566C72AD2CB2100DED883 /* Products */,
			);
			sourceTree = "<group>";
		};
		CEC566C72AD2CB2100DED883 /* Products */ = {
			isa = PBXGroup;
			children = (
				CEC566C62AD2CB2100DED883 /* MyKeeperSOS.app */,
			);
			name = Products;
			sourceTree = "<group>";
		};
		CEC566C82AD2CB2100DED883 /* MyKeeperSOS */ = {
			isa = PBXGroup;
			children = (
				CEFA26082B1F0744006C083E /* MyKeeperSOS.entitlements */,
				CE1C85002AF641E90023D153 /* Extension */,
				CE7C35322ADE7945006AC86A /* Models */,
				CEC566E42AD2DE6700DED883 /* sailec */,
				CEC566DE2AD2DA8C00DED883 /* Helper */,
				CEC566D92AD2D03200DED883 /* ui */,
				CEC566C92AD2CB2100DED883 /* MyKeeperSOSApp.swift */,
				CEC566CB2AD2CB2100DED883 /* ContentView.swift */,
				CEC566CD2AD2CB2300DED883 /* Assets.xcassets */,
				CEC566CF2AD2CB2300DED883 /* Preview Content */,
				CEC566D72AD2CFE300DED883 /* Config.swift */,
				CEC566F62AD3074200DED883 /* AppDelegate.swift */,
			);
			path = MyKeeperSOS;
			sourceTree = "<group>";
		};
		CEC566CF2AD2CB2300DED883 /* Preview Content */ = {
			isa = PBXGroup;
			children = (
				CEC566D02AD2CB2300DED883 /* Preview Assets.xcassets */,
			);
			path = "Preview Content";
			sourceTree = "<group>";
		};
		CEC566D92AD2D03200DED883 /* ui */ = {
			isa = PBXGroup;
			children = (
				CEC566DC2AD2D05B00DED883 /* HomeView.swift */,
				CEC566EB2AD2DF4800DED883 /* SettingView.swift */,
			);
			path = ui;
			sourceTree = "<group>";
		};
		CEC566DE2AD2DA8C00DED883 /* Helper */ = {
			isa = PBXGroup;
			children = (
				CEC566DF2AD2DAC500DED883 /* SailecFontModifier.swift */,
			);
			path = Helper;
			sourceTree = "<group>";
		};
		CEC566E42AD2DE6700DED883 /* sailec */ = {
			isa = PBXGroup;
			children = (
				CEC566E62AD2DE8300DED883 /* Sailec-Bold.ttf */,
				CEC566E72AD2DE8300DED883 /* Sailec-Medium.ttf */,
				CEC566E52AD2DE8300DED883 /* Sailec.ttf */,
			);
			path = sailec;
			sourceTree = "<group>";
		};
/* End PBXGroup section */

/* Begin PBXNativeTarget section */
		CEC566C52AD2CB2100DED883 /* MyKeeperSOS */ = {
			isa = PBXNativeTarget;
			buildConfigurationList = CEC566D42AD2CB2300DED883 /* Build configuration list for PBXNativeTarget "MyKeeperSOS" */;
			buildPhases = (
				CEC566C22AD2CB2100DED883 /* Sources */,
				CEC566C32AD2CB2100DED883 /* Frameworks */,
				CEC566C42AD2CB2100DED883 /* Resources */,
			);
			buildRules = (
			);
			dependencies = (
			);
			name = MyKeeperSOS;
			productName = MyKeeperSOS;
			productReference = CEC566C62AD2CB2100DED883 /* MyKeeperSOS.app */;
			productType = "com.apple.product-type.application";
		};
/* End PBXNativeTarget section */

/* Begin PBXProject section */
		CEC566BE2AD2CB2100DED883 /* Project object */ = {
			isa = PBXProject;
			attributes = {
				BuildIndependentTargetsInParallel = 1;
				LastSwiftUpdateCheck = 1500;
				LastUpgradeCheck = 1500;
				TargetAttributes = {
					CEC566C52AD2CB2100DED883 = {
						CreatedOnToolsVersion = 15.0;
					};
				};
			};
			buildConfigurationList = CEC566C12AD2CB2100DED883 /* Build configuration list for PBXProject "MyKeeperSOS" */;
			compatibilityVersion = "Xcode 14.0";
			developmentRegion = en;
			hasScannedForEncodings = 0;
			knownRegions = (
				en,
				Base,
			);
			mainGroup = CEC566BD2AD2CB2100DED883;
			productRefGroup = CEC566C72AD2CB2100DED883 /* Products */;
			projectDirPath = "";
			projectRoot = "";
			targets = (
				CEC566C52AD2CB2100DED883 /* MyKeeperSOS */,
			);
		};
/* End PBXProject section */

/* Begin PBXResourcesBuildPhase section */
		CEC566C42AD2CB2100DED883 /* Resources */ = {
			isa = PBXResourcesBuildPhase;
			buildActionMask = 2147483647;
			files = (
				CEC566D12AD2CB2300DED883 /* Preview Assets.xcassets in Resources */,
				CEC566E92AD2DE8300DED883 /* Sailec-Bold.ttf in Resources */,
				CEC566EA2AD2DE8300DED883 /* Sailec-Medium.ttf in Resources */,
				CEC566CE2AD2CB2300DED883 /* Assets.xcassets in Resources */,
				CEC566E82AD2DE8300DED883 /* Sailec.ttf in Resources */,
			);
			runOnlyForDeploymentPostprocessing = 0;
		};
/* End PBXResourcesBuildPhase section */

/* Begin PBXSourcesBuildPhase section */
		CEC566C22AD2CB2100DED883 /* Sources */ = {
			isa = PBXSourcesBuildPhase;
			buildActionMask = 2147483647;
			files = (
				CEC566CC2AD2CB2100DED883 /* ContentView.swift in Sources */,
				CEC566DD2AD2D05B00DED883 /* HomeView.swift in Sources */,
				CEC566CA2AD2CB2100DED883 /* MyKeeperSOSApp.swift in Sources */,
				CE7C35362ADE7B50006AC86A /* SettingViewModel.swift in Sources */,
				CEC566EC2AD2DF4800DED883 /* SettingView.swift in Sources */,
				CEC566F72AD3074300DED883 /* AppDelegate.swift in Sources */,
				CE1C85022AF642120023D153 /* Name.swift in Sources */,
				CEC566E02AD2DAC500DED883 /* SailecFontModifier.swift in Sources */,
				CEC566D82AD2CFE300DED883 /* Config.swift in Sources */,
			);
			runOnlyForDeploymentPostprocessing = 0;
		};
/* End PBXSourcesBuildPhase section */

/* Begin XCBuildConfiguration section */
		CEC566D22AD2CB2300DED883 /* Debug */ = {
			isa = XCBuildConfiguration;
			buildSettings = {
				ALWAYS_SEARCH_USER_PATHS = NO;
				ASSETCATALOG_COMPILER_GENERATE_SWIFT_ASSET_SYMBOL_EXTENSIONS = YES;
				CLANG_ANALYZER_NONNULL = YES;
				CLANG_ANALYZER_NUMBER_OBJECT_CONVERSION = YES_AGGRESSIVE;
				CLANG_CXX_LANGUAGE_STANDARD = "gnu++20";
				CLANG_ENABLE_MODULES = YES;
				CLANG_ENABLE_OBJC_ARC = YES;
				CLANG_ENABLE_OBJC_WEAK = YES;
				CLANG_WARN_BLOCK_CAPTURE_AUTORELEASING = YES;
				CLANG_WARN_BOOL_CONVERSION = YES;
				CLANG_WARN_COMMA = YES;
				CLANG_WARN_CONSTANT_CONVERSION = YES;
				CLANG_WARN_DEPRECATED_OBJC_IMPLEMENTATIONS = YES;
				CLANG_WARN_DIRECT_OBJC_ISA_USAGE = YES_ERROR;
				CLANG_WARN_DOCUMENTATION_COMMENTS = YES;
				CLANG_WARN_EMPTY_BODY = YES;
				CLANG_WARN_ENUM_CONVERSION = YES;
				CLANG_WARN_INFINITE_RECURSION = YES;
				CLANG_WARN_INT_CONVERSION = YES;
				CLANG_WARN_NON_LITERAL_NULL_CONVERSION = YES;
				CLANG_WARN_OBJC_IMPLICIT_RETAIN_SELF = YES;
				CLANG_WARN_OBJC_LITERAL_CONVERSION = YES;
				CLANG_WARN_OBJC_ROOT_CLASS = YES_ERROR;
				CLANG_WARN_QUOTED_INCLUDE_IN_FRAMEWORK_HEADER = YES;
				CLANG_WARN_RANGE_LOOP_ANALYSIS = YES;
				CLANG_WARN_STRICT_PROTOTYPES = YES;
				CLANG_WARN_SUSPICIOUS_MOVE = YES;
				CLANG_WARN_UNGUARDED_AVAILABILITY = YES_AGGRESSIVE;
				CLANG_WARN_UNREACHABLE_CODE = YES;
				CLANG_WARN__DUPLICATE_METHOD_MATCH = YES;
				COPY_PHASE_STRIP = NO;
				DEBUG_INFORMATION_FORMAT = dwarf;
				ENABLE_STRICT_OBJC_MSGSEND = YES;
				ENABLE_TESTABILITY = YES;
				ENABLE_USER_SCRIPT_SANDBOXING = YES;
				GCC_C_LANGUAGE_STANDARD = gnu17;
				GCC_DYNAMIC_NO_PIC = NO;
				GCC_NO_COMMON_BLOCKS = YES;
				GCC_OPTIMIZATION_LEVEL = 0;
				GCC_PREPROCESSOR_DEFINITIONS = (
					"DEBUG=1",
					"$(inherited)",
				);
				GCC_WARN_64_TO_32_BIT_CONVERSION = YES;
				GCC_WARN_ABOUT_RETURN_TYPE = YES_ERROR;
				GCC_WARN_UNDECLARED_SELECTOR = YES;
				GCC_WARN_UNINITIALIZED_AUTOS = YES_AGGRESSIVE;
				GCC_WARN_UNUSED_FUNCTION = YES;
				GCC_WARN_UNUSED_VARIABLE = YES;
				IPHONEOS_DEPLOYMENT_TARGET = 17.0;
				LOCALIZATION_PREFERS_STRING_CATALOGS = YES;
				MTL_ENABLE_DEBUG_INFO = INCLUDE_SOURCE;
				MTL_FAST_MATH = YES;
				ONLY_ACTIVE_ARCH = YES;
				SDKROOT = iphoneos;
				SWIFT_ACTIVE_COMPILATION_CONDITIONS = "DEBUG $(inherited)";
				SWIFT_OPTIMIZATION_LEVEL = "-Onone";
			};
			name = Debug;
		};
		CEC566D32AD2CB2300DED883 /* Release */ = {
			isa = XCBuildConfiguration;
			buildSettings = {
				ALWAYS_SEARCH_USER_PATHS = NO;
				ASSETCATALOG_COMPILER_GENERATE_SWIFT_ASSET_SYMBOL_EXTENSIONS = YES;
				CLANG_ANALYZER_NONNULL = YES;
				CLANG_ANALYZER_NUMBER_OBJECT_CONVERSION = YES_AGGRESSIVE;
				CLANG_CXX_LANGUAGE_STANDARD = "gnu++20";
				CLANG_ENABLE_MODULES = YES;
				CLANG_ENABLE_OBJC_ARC = YES;
				CLANG_ENABLE_OBJC_WEAK = YES;
				CLANG_WARN_BLOCK_CAPTURE_AUTORELEASING = YES;
				CLANG_WARN_BOOL_CONVERSION = YES;
				CLANG_WARN_COMMA = YES;
				CLANG_WARN_CONSTANT_CONVERSION = YES;
				CLANG_WARN_DEPRECATED_OBJC_IMPLEMENTATIONS = YES;
				CLANG_WARN_DIRECT_OBJC_ISA_USAGE = YES_ERROR;
				CLANG_WARN_DOCUMENTATION_COMMENTS = YES;
				CLANG_WARN_EMPTY_BODY = YES;
				CLANG_WARN_ENUM_CONVERSION = YES;
				CLANG_WARN_INFINITE_RECURSION = YES;
				CLANG_WARN_INT_CONVERSION = YES;
				CLANG_WARN_NON_LITERAL_NULL_CONVERSION = YES;
				CLANG_WARN_OBJC_IMPLICIT_RETAIN_SELF = YES;
				CLANG_WARN_OBJC_LITERAL_CONVERSION = YES;
				CLANG_WARN_OBJC_ROOT_CLASS = YES_ERROR;
				CLANG_WARN_QUOTED_INCLUDE_IN_FRAMEWORK_HEADER = YES;
				CLANG_WARN_RANGE_LOOP_ANALYSIS = YES;
				CLANG_WARN_STRICT_PROTOTYPES = YES;
				CLANG_WARN_SUSPICIOUS_MOVE = YES;
				CLANG_WARN_UNGUARDED_AVAILABILITY = YES_AGGRESSIVE;
				CLANG_WARN_UNREACHABLE_CODE = YES;
				CLANG_WARN__DUPLICATE_METHOD_MATCH = YES;
				COPY_PHASE_STRIP = NO;
				DEBUG_INFORMATION_FORMAT = "dwarf-with-dsym";
				ENABLE_NS_ASSERTIONS = NO;
				ENABLE_STRICT_OBJC_MSGSEND = YES;
				ENABLE_USER_SCRIPT_SANDBOXING = YES;
				GCC_C_LANGUAGE_STANDARD = gnu17;
				GCC_NO_COMMON_BLOCKS = YES;
				GCC_WARN_64_TO_32_BIT_CONVERSION = YES;
				GCC_WARN_ABOUT_RETURN_TYPE = YES_ERROR;
				GCC_WARN_UNDECLARED_SELECTOR = YES;
				GCC_WARN_UNINITIALIZED_AUTOS = YES_AGGRESSIVE;
				GCC_WARN_UNUSED_FUNCTION = YES;
				GCC_WARN_UNUSED_VARIABLE = YES;
				IPHONEOS_DEPLOYMENT_TARGET = 17.0;
				LOCALIZATION_PREFERS_STRING_CATALOGS = YES;
				MTL_ENABLE_DEBUG_INFO = NO;
				MTL_FAST_MATH = YES;
				SDKROOT = iphoneos;
				SWIFT_COMPILATION_MODE = wholemodule;
				VALIDATE_PRODUCT = YES;
			};
			name = Release;
		};
		CEC566D52AD2CB2300DED883 /* Debug */ = {
			isa = XCBuildConfiguration;
			buildSettings = {
				ASSETCATALOG_COMPILER_APPICON_NAME = AppIcon;
				ASSETCATALOG_COMPILER_GLOBAL_ACCENT_COLOR_NAME = AccentColor;
				CODE_SIGN_ENTITLEMENTS = MyKeeperSOS/MyKeeperSOS.entitlements;
				CODE_SIGN_STYLE = Automatic;
				CURRENT_PROJECT_VERSION = 1;
				DEVELOPMENT_ASSET_PATHS = "\"MyKeeperSOS/Preview Content\"";
				DEVELOPMENT_TEAM = G9597EN348;
				ENABLE_PREVIEWS = YES;
				GENERATE_INFOPLIST_FILE = YES;
				INFOPLIST_KEY_UIApplicationSceneManifest_Generation = YES;
				INFOPLIST_KEY_UIApplicationSupportsIndirectInputEvents = YES;
				INFOPLIST_KEY_UILaunchScreen_Generation = YES;
				INFOPLIST_KEY_UISupportedInterfaceOrientations_iPad = "UIInterfaceOrientationPortrait UIInterfaceOrientationPortraitUpsideDown UIInterfaceOrientationLandscapeLeft UIInterfaceOrientationLandscapeRight";
				INFOPLIST_KEY_UISupportedInterfaceOrientations_iPhone = "UIInterfaceOrientationPortrait UIInterfaceOrientationLandscapeLeft UIInterfaceOrientationLandscapeRight";
				IPHONEOS_DEPLOYMENT_TARGET = 17.0;
				LD_RUNPATH_SEARCH_PATHS = (
					"$(inherited)",
					"@executable_path/Frameworks",
				);
				MARKETING_VERSION = 1.0;
				PRODUCT_BUNDLE_IDENTIFIER = com.muturadev.MyKeeperSOS;
				PRODUCT_NAME = "$(TARGET_NAME)";
				SWIFT_EMIT_LOC_STRINGS = YES;
				SWIFT_VERSION = 5.0;
				TARGETED_DEVICE_FAMILY = "1,2";
			};
			name = Debug;
		};
		CEC566D62AD2CB2300DED883 /* Release */ = {
			isa = XCBuildConfiguration;
			buildSettings = {
				ASSETCATALOG_COMPILER_APPICON_NAME = AppIcon;
				ASSETCATALOG_COMPILER_GLOBAL_ACCENT_COLOR_NAME = AccentColor;
				CODE_SIGN_ENTITLEMENTS = MyKeeperSOS/MyKeeperSOS.entitlements;
				CODE_SIGN_STYLE = Automatic;
				CURRENT_PROJECT_VERSION = 1;
				DEVELOPMENT_ASSET_PATHS = "\"MyKeeperSOS/Preview Content\"";
				DEVELOPMENT_TEAM = G9597EN348;
				ENABLE_PREVIEWS = YES;
				GENERATE_INFOPLIST_FILE = YES;
				INFOPLIST_KEY_UIApplicationSceneManifest_Generation = YES;
				INFOPLIST_KEY_UIApplicationSupportsIndirectInputEvents = YES;
				INFOPLIST_KEY_UILaunchScreen_Generation = YES;
				INFOPLIST_KEY_UISupportedInterfaceOrientations_iPad = "UIInterfaceOrientationPortrait UIInterfaceOrientationPortraitUpsideDown UIInterfaceOrientationLandscapeLeft UIInterfaceOrientationLandscapeRight";
				INFOPLIST_KEY_UISupportedInterfaceOrientations_iPhone = "UIInterfaceOrientationPortrait UIInterfaceOrientationLandscapeLeft UIInterfaceOrientationLandscapeRight";
				IPHONEOS_DEPLOYMENT_TARGET = 17.0;
				LD_RUNPATH_SEARCH_PATHS = (
					"$(inherited)",
					"@executable_path/Frameworks",
				);
				MARKETING_VERSION = 1.0;
				PRODUCT_BUNDLE_IDENTIFIER = com.muturadev.MyKeeperSOS;
				PRODUCT_NAME = "$(TARGET_NAME)";
				SWIFT_EMIT_LOC_STRINGS = YES;
				SWIFT_VERSION = 5.0;
				TARGETED_DEVICE_FAMILY = "1,2";
			};
			name = Release;
		};
/* End XCBuildConfiguration section */

/* Begin XCConfigurationList section */
		CEC566C12AD2CB2100DED883 /* Build configuration list for PBXProject "MyKeeperSOS" */ = {
			isa = XCConfigurationList;
			buildConfigurations = (
				CEC566D22AD2CB2300DED883 /* Debug */,
				CEC566D32AD2CB2300DED883 /* Release */,
			);
			defaultConfigurationIsVisible = 0;
			defaultConfigurationName = Release;
		};
		CEC566D42AD2CB2300DED883 /* Build configuration list for PBXNativeTarget "MyKeeperSOS" */ = {
			isa = XCConfigurationList;
			buildConfigurations = (
				CEC566D52AD2CB2300DED883 /* Debug */,
				CEC566D62AD2CB2300DED883 /* Release */,
			);
			defaultConfigurationIsVisible = 0;
			defaultConfigurationName = Release;
		};
/* End XCConfigurationList section */
	};
	rootObject = CEC566BE2AD2CB2100DED883 /* Project object */;
}
